{
  "name": "media.artificialmuseum.com",
  "version": "0.0.1",
  "lockfileVersion": 2,
  "requires": true,
  "packages": {
    "": {
      "name": "media.artificialmuseum.com",
      "version": "0.0.1",
      "dependencies": {
        "@grundstein/gss": "0.0.14"
      },
      "devDependencies": {
        "@magic/format": "0.0.43",
        "@magic/fs": "0.0.27",
        "@magic/log": "0.1.17"
      }
    },
    "node_modules/@grundstein/commons": {
      "version": "0.0.10",
      "resolved": "https://registry.npmjs.org/@grundstein/commons/-/commons-0.0.10.tgz",
      "integrity": "sha512-YcOPFkpvO7haDD3fBijYdANqzGzngDTrCHreb//N8Smt43qyVRN768VYF/OviIvKZRWg7yBqW/r6hy08Erc5ZQ==",
      "dependencies": {
        "@magic/cli": "0.0.42",
        "@magic/error": "0.0.15",
        "@magic/fs": "0.0.26",
        "@magic/log": "0.1.16",
        "@magic/types": "0.1.21"
      },
      "engines": {
        "node": ">=14.14.0"
      }
    },
    "node_modules/@grundstein/commons/node_modules/@magic/fs": {
      "version": "0.0.26",
      "resolved": "https://registry.npmjs.org/@magic/fs/-/fs-0.0.26.tgz",
      "integrity": "sha512-WdmaKTSup9th3HqDSY/yw8IwOIr3fpON+aaXlAfC4dJ+oKnOVYcH88k7wDnMvqxTio/YrukxReqXzRA2/d3INg==",
      "dependencies": {
        "@magic/deep": "0.1.14",
        "@magic/error": "0.0.15",
        "@magic/log": "0.1.16",
        "@magic/mime-types": "0.0.16",
        "@magic/types": "0.1.21"
      },
      "engines": {
        "node": ">=14.15.4"
      }
    },
    "node_modules/@grundstein/commons/node_modules/@magic/log": {
      "version": "0.1.16",
      "resolved": "https://registry.npmjs.org/@magic/log/-/log-0.1.16.tgz",
      "integrity": "sha512-lrSiRZC4j83kGTznnHTJ7L4yJXkRgEJSKH6QWvnmipbFtEc2QWAlGTgKTUtu5oM4KnLK4v5BHwcWJdIvUH8scA==",
      "dependencies": {
        "@magic/types": "0.1.21"
      }
    },
    "node_modules/@grundstein/gss": {
      "version": "0.0.14",
      "resolved": "https://registry.npmjs.org/@grundstein/gss/-/gss-0.0.14.tgz",
      "integrity": "sha512-nGELGaQrlHd7ENyIj85mEppuliamSgZV2mN9cDHYEgUqnb2U45eUHHc/ciI9jKxANJsuyblOAbULNx6XwWGKLg==",
      "dependencies": {
        "@grundstein/commons": "0.0.10",
        "@magic/cli": "0.0.42",
        "@magic/fs": "0.0.26",
        "@magic/mime-types": "0.0.16"
      },
      "bin": {
        "grundstein-server": "src/bin.mjs",
        "gss": "src/bin.mjs"
      },
      "engines": {
        "node": ">=14.14.0"
      }
    },
    "node_modules/@grundstein/gss/node_modules/@magic/fs": {
      "version": "0.0.26",
      "resolved": "https://registry.npmjs.org/@magic/fs/-/fs-0.0.26.tgz",
      "integrity": "sha512-WdmaKTSup9th3HqDSY/yw8IwOIr3fpON+aaXlAfC4dJ+oKnOVYcH88k7wDnMvqxTio/YrukxReqXzRA2/d3INg==",
      "dependencies": {
        "@magic/deep": "0.1.14",
        "@magic/error": "0.0.15",
        "@magic/log": "0.1.16",
        "@magic/mime-types": "0.0.16",
        "@magic/types": "0.1.21"
      },
      "engines": {
        "node": ">=14.15.4"
      }
    },
    "node_modules/@grundstein/gss/node_modules/@magic/log": {
      "version": "0.1.16",
      "resolved": "https://registry.npmjs.org/@magic/log/-/log-0.1.16.tgz",
      "integrity": "sha512-lrSiRZC4j83kGTznnHTJ7L4yJXkRgEJSKH6QWvnmipbFtEc2QWAlGTgKTUtu5oM4KnLK4v5BHwcWJdIvUH8scA==",
      "dependencies": {
        "@magic/types": "0.1.21"
      }
    },
    "node_modules/@magic/cases": {
      "version": "0.0.8",
      "resolved": "https://registry.npmjs.org/@magic/cases/-/cases-0.0.8.tgz",
      "integrity": "sha512-MFhFThRbR+LSZmvCMx6QCedDUYqtEuUF1BRxGv1hSVSPn6YpTJJ53GQOIpZKmvC9LbTRGxIvdsjM0Bk+CsVJyg==",
      "engines": {
        "node": ">=14.15.4"
      }
    },
    "node_modules/@magic/cli": {
      "version": "0.0.42",
      "resolved": "https://registry.npmjs.org/@magic/cli/-/cli-0.0.42.tgz",
      "integrity": "sha512-iztUe521IpauY2F2Fr8oKuWKL03Vz7p9yOdetY0xDTOKNAxNZYbq4oVHkhrTZ7KXJS9QgVo9GScAlqHOjozR9w==",
      "dependencies": {
        "@magic/cases": "0.0.8",
        "@magic/deep": "0.1.14",
        "@magic/error": "0.0.15",
        "@magic/log": "0.1.16",
        "@magic/types": "0.1.21"
      },
      "engines": {
        "node": ">=14.15.4"
      }
    },
    "node_modules/@magic/cli/node_modules/@magic/log": {
      "version": "0.1.16",
      "resolved": "https://registry.npmjs.org/@magic/log/-/log-0.1.16.tgz",
      "integrity": "sha512-lrSiRZC4j83kGTznnHTJ7L4yJXkRgEJSKH6QWvnmipbFtEc2QWAlGTgKTUtu5oM4KnLK4v5BHwcWJdIvUH8scA==",
      "dependencies": {
        "@magic/types": "0.1.21"
      }
    },
    "node_modules/@magic/deep": {
      "version": "0.1.14",
      "resolved": "https://registry.npmjs.org/@magic/deep/-/deep-0.1.14.tgz",
      "integrity": "sha512-pYptInUUn7Bx0wbZ9EFhqyrCVydN/PUZqh5oM7usl7DzmjPoJ4RJ9ZuTIZ/5zrS+J15QvdU3RT9WvpveAwWdeg==",
      "dependencies": {
        "@magic/types": "0.1.21"
      }
    },
    "node_modules/@magic/error": {
      "version": "0.0.15",
      "resolved": "https://registry.npmjs.org/@magic/error/-/error-0.0.15.tgz",
      "integrity": "sha512-+Ccu0p+uXLJOcea2ZJuM7NHBQSSq+QV1FMb5wlu3DUEsf1EmdX2a0ts6iYdU2F/2RoNkMXKgIchUZ7/BbLvPvQ==",
      "dependencies": {
        "@magic/types": "0.1.21"
      }
    },
    "node_modules/@magic/format": {
      "version": "0.0.43",
      "resolved": "https://registry.npmjs.org/@magic/format/-/format-0.0.43.tgz",
      "integrity": "sha512-4rvT046IalU9iMSTHKHPbGTlB0FV2Mwjk9YU0OjdbvWCMHHfOLFWWDpmVfK1D756vIN/o0nz121kCFjX5yZKbQ==",
      "dev": true,
      "dependencies": {
        "@magic/cli": "0.0.43",
        "@magic/deep": "0.1.15",
        "@magic/fs": "0.0.27",
        "@magic/log": "0.1.17",
        "@magic/types": "0.1.22",
        "prettier": "2.7.1"
      },
      "bin": {
        "f": "src/bin.mjs",
        "format": "src/bin.mjs"
      },
      "engines": {
        "node": ">=14.15.4"
      }
    },
    "node_modules/@magic/format/node_modules/@magic/cli": {
      "version": "0.0.43",
      "resolved": "https://registry.npmjs.org/@magic/cli/-/cli-0.0.43.tgz",
      "integrity": "sha512-ZsFPSEWopGGPJkEONi5CchMepy2138dTde1Jtkvokiy89P1wsCT4qRybbTHSHDZMBqQhKYJjdFEloDxgQM+Hww==",
      "dev": true,
      "dependencies": {
        "@magic/cases": "0.0.8",
        "@magic/deep": "0.1.15",
        "@magic/error": "0.0.16",
        "@magic/log": "0.1.17",
        "@magic/types": "0.1.22"
      },
      "engines": {
        "node": ">=14.15.4"
      }
    },
    "node_modules/@magic/format/node_modules/@magic/deep": {
      "version": "0.1.15",
      "resolved": "https://registry.npmjs.org/@magic/deep/-/deep-0.1.15.tgz",
      "integrity": "sha512-M70xpxVPqAzuY0y59YywG7prxuY6PSFJKMi2WLUXVEKYf9osRFqIoztf5va1piFxe1vdethIFyQ/Njv70gN4NQ==",
      "dev": true,
      "dependencies": {
        "@magic/types": "0.1.22"
      }
    },
    "node_modules/@magic/format/node_modules/@magic/error": {
      "version": "0.0.16",
      "resolved": "https://registry.npmjs.org/@magic/error/-/error-0.0.16.tgz",
      "integrity": "sha512-ruVai8iTt888jjPIvCZFqLp5UZ2ZCzu5bfM8Z9DvH1ja+tqfqBri929tMdmYwvV4MqibE+bKi4xbmt6vHWogAg==",
      "dev": true,
      "dependencies": {
        "@magic/types": "0.1.22"
      }
    },
    "node_modules/@magic/format/node_modules/@magic/types": {
      "version": "0.1.22",
      "resolved": "https://registry.npmjs.org/@magic/types/-/types-0.1.22.tgz",
      "integrity": "sha512-5jtRp+40j5D7+vSqXMQ81OTgTsY7gcKpp4+jOcgHLcMieXVTYi7SySfDmJKsVgSveUa46atGvchk/l7OqBr6BQ==",
      "dev": true,
      "engines": {
        "node": ">=14.15.4"
      }
    },
    "node_modules/@magic/fs": {
      "version": "0.0.27",
      "resolved": "https://registry.npmjs.org/@magic/fs/-/fs-0.0.27.tgz",
      "integrity": "sha512-EZtnJR5vu1x211RqJRRTpkoDnFv25VjPpT6N2ZDC308FsBuqPrpYWDctrzxWWZJOSjXFxYNy2bF+ztfYEn+zcw==",
      "dev": true,
      "dependencies": {
        "@magic/deep": "0.1.15",
        "@magic/error": "0.0.16",
        "@magic/log": "0.1.17",
        "@magic/mime-types": "0.0.17",
        "@magic/types": "0.1.22"
      },
      "engines": {
        "node": ">=14.15.4"
      }
    },
    "node_modules/@magic/fs/node_modules/@magic/deep": {
      "version": "0.1.15",
      "resolved": "https://registry.npmjs.org/@magic/deep/-/deep-0.1.15.tgz",
      "integrity": "sha512-M70xpxVPqAzuY0y59YywG7prxuY6PSFJKMi2WLUXVEKYf9osRFqIoztf5va1piFxe1vdethIFyQ/Njv70gN4NQ==",
      "dev": true,
      "dependencies": {
        "@magic/types": "0.1.22"
      }
    },
    "node_modules/@magic/fs/node_modules/@magic/error": {
      "version": "0.0.16",
      "resolved": "https://registry.npmjs.org/@magic/error/-/error-0.0.16.tgz",
      "integrity": "sha512-ruVai8iTt888jjPIvCZFqLp5UZ2ZCzu5bfM8Z9DvH1ja+tqfqBri929tMdmYwvV4MqibE+bKi4xbmt6vHWogAg==",
      "dev": true,
      "dependencies": {
        "@magic/types": "0.1.22"
      }
    },
    "node_modules/@magic/fs/node_modules/@magic/mime-types": {
      "version": "0.0.17",
      "resolved": "https://registry.npmjs.org/@magic/mime-types/-/mime-types-0.0.17.tgz",
      "integrity": "sha512-Vr0ZoBHFBlfhf3lrDz0nVRRinKv9iI7wWCEiODU8i8xUTBB/8SzfoqT3vuvHKm4fRsH/YE1AfnnR9CAACuRvLw==",
      "dev": true,
      "engines": {
        "node": ">=14.15.4"
      }
    },
    "node_modules/@magic/fs/node_modules/@magic/types": {
      "version": "0.1.22",
      "resolved": "https://registry.npmjs.org/@magic/types/-/types-0.1.22.tgz",
      "integrity": "sha512-5jtRp+40j5D7+vSqXMQ81OTgTsY7gcKpp4+jOcgHLcMieXVTYi7SySfDmJKsVgSveUa46atGvchk/l7OqBr6BQ==",
      "dev": true,
      "engines": {
        "node": ">=14.15.4"
      }
    },
    "node_modules/@magic/log": {
      "version": "0.1.17",
      "resolved": "https://registry.npmjs.org/@magic/log/-/log-0.1.17.tgz",
      "integrity": "sha512-ioStCVGefkz+Ze9cyXsyfkoB75iusu0D6uZNxL04o26d6SLi+tq7Lr/ANaFg1A5pL+lCAebDw2Ldjn5naJg/uw==",
      "dev": true,
      "dependencies": {
        "@magic/types": "0.1.22"
      }
    },
    "node_modules/@magic/log/node_modules/@magic/types": {
      "version": "0.1.22",
      "resolved": "https://registry.npmjs.org/@magic/types/-/types-0.1.22.tgz",
      "integrity": "sha512-5jtRp+40j5D7+vSqXMQ81OTgTsY7gcKpp4+jOcgHLcMieXVTYi7SySfDmJKsVgSveUa46atGvchk/l7OqBr6BQ==",
      "dev": true,
      "engines": {
        "node": ">=14.15.4"
      }
    },
    "node_modules/@magic/mime-types": {
      "version": "0.0.16",
      "resolved": "https://registry.npmjs.org/@magic/mime-types/-/mime-types-0.0.16.tgz",
      "integrity": "sha512-VMtgprPw3emEq1AHd/seQeJhknPdiX04xh1Gcr0YQpNuqgRP+8nmblGS0bRbDFR8JvKqfQIp5wQ2M1IJugaYkA==",
      "engines": {
        "node": ">=14.15.4"
      }
    },
    "node_modules/@magic/types": {
      "version": "0.1.21",
      "resolved": "https://registry.npmjs.org/@magic/types/-/types-0.1.21.tgz",
      "integrity": "sha512-dlqv0ZtVKfTiy02HiY6t8KwNE5lwAyXNseS+ga9+aPsR4LM8TRM5Z6lnqvt3JDuPU0vGLJipkX+m1Kq2igAw3Q==",
      "engines": {
        "node": ">=14.15.4"
      }
    },
    "node_modules/prettier": {
      "version": "2.7.1",
      "resolved": "https://registry.npmjs.org/prettier/-/prettier-2.7.1.tgz",
      "integrity": "sha512-ujppO+MkdPqoVINuDFDRLClm7D78qbDt0/NR+wp5FqEZOoTNAjPHWj17QRhu7geIHJfcNhRk1XVQmF8Bp3ye+g==",
      "dev": true,
      "bin": {
        "prettier": "bin-prettier.js"
      },
      "engines": {
        "node": ">=10.13.0"
      },
      "funding": {
        "url": "https://github.com/prettier/prettier?sponsor=1"
      }
    }
  },
  "dependencies": {
    "@grundstein/commons": {
      "version": "0.0.10",
      "resolved": "https://registry.npmjs.org/@grundstein/commons/-/commons-0.0.10.tgz",
      "integrity": "sha512-YcOPFkpvO7haDD3fBijYdANqzGzngDTrCHreb//N8Smt43qyVRN768VYF/OviIvKZRWg7yBqW/r6hy08Erc5ZQ==",
      "requires": {
        "@magic/cli": "0.0.42",
        "@magic/error": "0.0.15",
        "@magic/fs": "0.0.26",
        "@magic/log": "0.1.16",
        "@magic/types": "0.1.21"
      },
      "dependencies": {
        "@magic/fs": {
          "version": "0.0.26",
          "resolved": "https://registry.npmjs.org/@magic/fs/-/fs-0.0.26.tgz",
          "integrity": "sha512-WdmaKTSup9th3HqDSY/yw8IwOIr3fpON+aaXlAfC4dJ+oKnOVYcH88k7wDnMvqxTio/YrukxReqXzRA2/d3INg==",
          "requires": {
            "@magic/deep": "0.1.14",
            "@magic/error": "0.0.15",
            "@magic/log": "0.1.16",
            "@magic/mime-types": "0.0.16",
            "@magic/types": "0.1.21"
          }
        },
        "@magic/log": {
          "version": "0.1.16",
          "resolved": "https://registry.npmjs.org/@magic/log/-/log-0.1.16.tgz",
          "integrity": "sha512-lrSiRZC4j83kGTznnHTJ7L4yJXkRgEJSKH6QWvnmipbFtEc2QWAlGTgKTUtu5oM4KnLK4v5BHwcWJdIvUH8scA==",
          "requires": {
            "@magic/types": "0.1.21"
          }
        }
      }
    },
    "@grundstein/gss": {
      "version": "0.0.14",
      "resolved": "https://registry.npmjs.org/@grundstein/gss/-/gss-0.0.14.tgz",
      "integrity": "sha512-nGELGaQrlHd7ENyIj85mEppuliamSgZV2mN9cDHYEgUqnb2U45eUHHc/ciI9jKxANJsuyblOAbULNx6XwWGKLg==",
      "requires": {
        "@grundstein/commons": "0.0.10",
        "@magic/cli": "0.0.42",
        "@magic/fs": "0.0.26",
        "@magic/mime-types": "0.0.16"
      },
      "dependencies": {
        "@magic/fs": {
          "version": "0.0.26",
          "resolved": "https://registry.npmjs.org/@magic/fs/-/fs-0.0.26.tgz",
          "integrity": "sha512-WdmaKTSup9th3HqDSY/yw8IwOIr3fpON+aaXlAfC4dJ+oKnOVYcH88k7wDnMvqxTio/YrukxReqXzRA2/d3INg==",
          "requires": {
            "@magic/deep": "0.1.14",
            "@magic/error": "0.0.15",
            "@magic/log": "0.1.16",
            "@magic/mime-types": "0.0.16",
            "@magic/types": "0.1.21"
          }
        },
        "@magic/log": {
          "version": "0.1.16",
          "resolved": "https://registry.npmjs.org/@magic/log/-/log-0.1.16.tgz",
          "integrity": "sha512-lrSiRZC4j83kGTznnHTJ7L4yJXkRgEJSKH6QWvnmipbFtEc2QWAlGTgKTUtu5oM4KnLK4v5BHwcWJdIvUH8scA==",
          "requires": {
            "@magic/types": "0.1.21"
          }
        }
      }
    },
    "@magic/cases": {
      "version": "0.0.8",
      "resolved": "https://registry.npmjs.org/@magic/cases/-/cases-0.0.8.tgz",
      "integrity": "sha512-MFhFThRbR+LSZmvCMx6QCedDUYqtEuUF1BRxGv1hSVSPn6YpTJJ53GQOIpZKmvC9LbTRGxIvdsjM0Bk+CsVJyg=="
    },
    "@magic/cli": {
      "version": "0.0.42",
      "resolved": "https://registry.npmjs.org/@magic/cli/-/cli-0.0.42.tgz",
      "integrity": "sha512-iztUe521IpauY2F2Fr8oKuWKL03Vz7p9yOdetY0xDTOKNAxNZYbq4oVHkhrTZ7KXJS9QgVo9GScAlqHOjozR9w==",
      "requires": {
        "@magic/cases": "0.0.8",
        "@magic/deep": "0.1.14",
        "@magic/error": "0.0.15",
        "@magic/log": "0.1.16",
        "@magic/types": "0.1.21"
      },
      "dependencies": {
        "@magic/log": {
          "version": "0.1.16",
          "resolved": "https://registry.npmjs.org/@magic/log/-/log-0.1.16.tgz",
          "integrity": "sha512-lrSiRZC4j83kGTznnHTJ7L4yJXkRgEJSKH6QWvnmipbFtEc2QWAlGTgKTUtu5oM4KnLK4v5BHwcWJdIvUH8scA==",
          "requires": {
            "@magic/types": "0.1.21"
          }
        }
      }
    },
    "@magic/deep": {
      "version": "0.1.14",
      "resolved": "https://registry.npmjs.org/@magic/deep/-/deep-0.1.14.tgz",
      "integrity": "sha512-pYptInUUn7Bx0wbZ9EFhqyrCVydN/PUZqh5oM7usl7DzmjPoJ4RJ9ZuTIZ/5zrS+J15QvdU3RT9WvpveAwWdeg==",
      "requires": {
        "@magic/types": "0.1.21"
      }
    },
    "@magic/error": {
      "version": "0.0.15",
      "resolved": "https://registry.npmjs.org/@magic/error/-/error-0.0.15.tgz",
      "integrity": "sha512-+Ccu0p+uXLJOcea2ZJuM7NHBQSSq+QV1FMb5wlu3DUEsf1EmdX2a0ts6iYdU2F/2RoNkMXKgIchUZ7/BbLvPvQ==",
      "requires": {
        "@magic/types": "0.1.21"
      }
    },
    "@magic/format": {
      "version": "0.0.43",
      "resolved": "https://registry.npmjs.org/@magic/format/-/format-0.0.43.tgz",
      "integrity": "sha512-4rvT046IalU9iMSTHKHPbGTlB0FV2Mwjk9YU0OjdbvWCMHHfOLFWWDpmVfK1D756vIN/o0nz121kCFjX5yZKbQ==",
      "dev": true,
      "requires": {
        "@magic/cli": "0.0.43",
        "@magic/deep": "0.1.15",
        "@magic/fs": "0.0.27",
        "@magic/log": "0.1.17",
        "@magic/types": "0.1.22",
        "prettier": "2.7.1"
      },
      "dependencies": {
        "@magic/cli": {
          "version": "0.0.43",
          "resolved": "https://registry.npmjs.org/@magic/cli/-/cli-0.0.43.tgz",
          "integrity": "sha512-ZsFPSEWopGGPJkEONi5CchMepy2138dTde1Jtkvokiy89P1wsCT4qRybbTHSHDZMBqQhKYJjdFEloDxgQM+Hww==",
          "dev": true,
          "requires": {
            "@magic/cases": "0.0.8",
            "@magic/deep": "0.1.15",
            "@magic/error": "0.0.16",
            "@magic/log": "0.1.17",
            "@magic/types": "0.1.22"
          }
        },
        "@magic/deep": {
          "version": "0.1.15",
          "resolved": "https://registry.npmjs.org/@magic/deep/-/deep-0.1.15.tgz",
          "integrity": "sha512-M70xpxVPqAzuY0y59YywG7prxuY6PSFJKMi2WLUXVEKYf9osRFqIoztf5va1piFxe1vdethIFyQ/Njv70gN4NQ==",
          "dev": true,
          "requires": {
            "@magic/types": "0.1.22"
          }
        },
        "@magic/error": {
          "version": "0.0.16",
          "resolved": "https://registry.npmjs.org/@magic/error/-/error-0.0.16.tgz",
          "integrity": "sha512-ruVai8iTt888jjPIvCZFqLp5UZ2ZCzu5bfM8Z9DvH1ja+tqfqBri929tMdmYwvV4MqibE+bKi4xbmt6vHWogAg==",
          "dev": true,
          "requires": {
            "@magic/types": "0.1.22"
          }
        },
        "@magic/types": {
          "version": "0.1.22",
          "resolved": "https://registry.npmjs.org/@magic/types/-/types-0.1.22.tgz",
          "integrity": "sha512-5jtRp+40j5D7+vSqXMQ81OTgTsY7gcKpp4+jOcgHLcMieXVTYi7SySfDmJKsVgSveUa46atGvchk/l7OqBr6BQ==",
          "dev": true
        }
      }
    },
    "@magic/fs": {
      "version": "0.0.27",
      "resolved": "https://registry.npmjs.org/@magic/fs/-/fs-0.0.27.tgz",
      "integrity": "sha512-EZtnJR5vu1x211RqJRRTpkoDnFv25VjPpT6N2ZDC308FsBuqPrpYWDctrzxWWZJOSjXFxYNy2bF+ztfYEn+zcw==",
      "dev": true,
      "requires": {
        "@magic/deep": "0.1.15",
        "@magic/error": "0.0.16",
        "@magic/log": "0.1.17",
        "@magic/mime-types": "0.0.17",
        "@magic/types": "0.1.22"
      },
      "dependencies": {
        "@magic/deep": {
          "version": "0.1.15",
          "resolved": "https://registry.npmjs.org/@magic/deep/-/deep-0.1.15.tgz",
          "integrity": "sha512-M70xpxVPqAzuY0y59YywG7prxuY6PSFJKMi2WLUXVEKYf9osRFqIoztf5va1piFxe1vdethIFyQ/Njv70gN4NQ==",
          "dev": true,
          "requires": {
            "@magic/types": "0.1.22"
          }
        },
        "@magic/error": {
          "version": "0.0.16",
          "resolved": "https://registry.npmjs.org/@magic/error/-/error-0.0.16.tgz",
          "integrity": "sha512-ruVai8iTt888jjPIvCZFqLp5UZ2ZCzu5bfM8Z9DvH1ja+tqfqBri929tMdmYwvV4MqibE+bKi4xbmt6vHWogAg==",
          "dev": true,
          "requires": {
            "@magic/types": "0.1.22"
          }
        },
        "@magic/mime-types": {
          "version": "0.0.17",
          "resolved": "https://registry.npmjs.org/@magic/mime-types/-/mime-types-0.0.17.tgz",
          "integrity": "sha512-Vr0ZoBHFBlfhf3lrDz0nVRRinKv9iI7wWCEiODU8i8xUTBB/8SzfoqT3vuvHKm4fRsH/YE1AfnnR9CAACuRvLw==",
          "dev": true
        },
        "@magic/types": {
          "version": "0.1.22",
          "resolved": "https://registry.npmjs.org/@magic/types/-/types-0.1.22.tgz",
          "integrity": "sha512-5jtRp+40j5D7+vSqXMQ81OTgTsY7gcKpp4+jOcgHLcMieXVTYi7SySfDmJKsVgSveUa46atGvchk/l7OqBr6BQ==",
          "dev": true
        }
      }
    },
    "@magic/log": {
      "version": "0.1.17",
      "resolved": "https://registry.npmjs.org/@magic/log/-/log-0.1.17.tgz",
      "integrity": "sha512-ioStCVGefkz+Ze9cyXsyfkoB75iusu0D6uZNxL04o26d6SLi+tq7Lr/ANaFg1A5pL+lCAebDw2Ldjn5naJg/uw==",
      "dev": true,
      "requires": {
        "@magic/types": "0.1.22"
      },
      "dependencies": {
        "@magic/types": {
          "version": "0.1.22",
          "resolved": "https://registry.npmjs.org/@magic/types/-/types-0.1.22.tgz",
          "integrity": "sha512-5jtRp+40j5D7+vSqXMQ81OTgTsY7gcKpp4+jOcgHLcMieXVTYi7SySfDmJKsVgSveUa46atGvchk/l7OqBr6BQ==",
          "dev": true
        }
      }
    },
    "@magic/mime-types": {
      "version": "0.0.16",
      "resolved": "https://registry.npmjs.org/@magic/mime-types/-/mime-types-0.0.16.tgz",
      "integrity": "sha512-VMtgprPw3emEq1AHd/seQeJhknPdiX04xh1Gcr0YQpNuqgRP+8nmblGS0bRbDFR8JvKqfQIp5wQ2M1IJugaYkA=="
    },
    "@magic/types": {
      "version": "0.1.21",
      "resolved": "https://registry.npmjs.org/@magic/types/-/types-0.1.21.tgz",
      "integrity": "sha512-dlqv0ZtVKfTiy02HiY6t8KwNE5lwAyXNseS+ga9+aPsR4LM8TRM5Z6lnqvt3JDuPU0vGLJipkX+m1Kq2igAw3Q=="
    },
    "prettier": {
      "version": "2.7.1",
      "resolved": "https://registry.npmjs.org/prettier/-/prettier-2.7.1.tgz",
      "integrity": "sha512-ujppO+MkdPqoVINuDFDRLClm7D78qbDt0/NR+wp5FqEZOoTNAjPHWj17QRhu7geIHJfcNhRk1XVQmF8Bp3ye+g==",
      "dev": true
    }
  }
}
