{
  "name": "media.artificialmuseum.com",
  "version": "0.0.1",
  "lockfileVersion": 2,
  "requires": true,
  "packages": {
    "": {
      "name": "media.artificialmuseum.com",
      "version": "0.0.1",
      "dependencies": {
        "@grundstein/gss": "github:grundstein/gss"
      },
      "devDependencies": {
        "@magic/cli": "0.0.32",
        "@magic/fs": "0.0.13"
      }
    },
    "node_modules/@grundstein/commons": {
      "version": "0.0.1-alpha.0",
      "resolved": "git+ssh://git@github.com/grundstein/commons.git#4067d7c2e098633b90dcde652d5f252334d96c50",
      "license": "AGPL-3.0",
      "dependencies": {
        "@magic/cli": "0.0.32",
        "@magic/error": "0.0.9",
        "@magic/fs": "0.0.13",
        "@magic/log": "0.1.9",
        "@magic/types": "0.1.15"
      },
      "engines": {
        "node": ">=14.14.0"
      }
    },
    "node_modules/@grundstein/gss": {
      "version": "0.0.1-alpha.0",
      "resolved": "git+ssh://git@github.com/grundstein/gss.git#1d95761bf312b4b73b39eb34194f9aa9d665ec22",
      "license": "AGPL-3.0",
      "dependencies": {
        "@grundstein/commons": "github:grundstein/commons",
        "@magic/cli": "0.0.32",
        "@magic/fs": "0.0.13",
        "@magic/mime-types": "0.0.9"
      },
      "bin": {
        "grundstein-server": "src/bin.mjs",
        "gss": "src/bin.mjs"
      },
      "engines": {
        "node": ">=14.14.0"
      }
    },
    "node_modules/@magic/cases": {
      "version": "0.0.4",
      "resolved": "https://registry.npmjs.org/@magic/cases/-/cases-0.0.4.tgz",
      "integrity": "sha512-2qxGo9DUKGZPBkRDhRVmC4AFm6k39x/3qj0wLE4zeRD0xbmk3H3q9w8ZgtMOU9Q5SNqSGG1e28UHGh8k8dvo4Q==",
      "engines": {
        "node": ">=14.15.4"
      }
    },
    "node_modules/@magic/cli": {
      "version": "0.0.32",
      "resolved": "https://registry.npmjs.org/@magic/cli/-/cli-0.0.32.tgz",
      "integrity": "sha512-J6D+B4NSP3UGzD+eeCwKncZM0zVxATSU7Sk39w5IaZGYNmlc9HLgMEPVJrbJiKMBfcVGojH8KiYFdwbFSzvbcQ==",
      "dependencies": {
        "@magic/cases": "0.0.4",
        "@magic/log": "0.1.9",
        "@magic/types": "0.1.15"
      },
      "engines": {
        "node": ">=14.15.4"
      }
    },
    "node_modules/@magic/deep": {
      "version": "0.1.6",
      "resolved": "https://registry.npmjs.org/@magic/deep/-/deep-0.1.6.tgz",
      "integrity": "sha512-pLsmKvMam82pJ5VKZ9X71i9YJaKs8Z218kOqhCrVSaDLZypyUTHK2os/RJl1zY63RA3C4k9jx8juCJNiPzEOrw==",
      "dependencies": {
        "@magic/types": "0.1.15"
      }
    },
    "node_modules/@magic/error": {
      "version": "0.0.9",
      "resolved": "https://registry.npmjs.org/@magic/error/-/error-0.0.9.tgz",
      "integrity": "sha512-DY8QVc7Z0xqLoQ8rlOjQFDHvHWly176LYAKkuXE2rKUB5taM24PtR2P6JFNPOOX2uwzXFk4WDHArEPyqajxcRg==",
      "dependencies": {
        "@magic/types": "0.1.15"
      }
    },
    "node_modules/@magic/fs": {
      "version": "0.0.13",
      "resolved": "https://registry.npmjs.org/@magic/fs/-/fs-0.0.13.tgz",
      "integrity": "sha512-PpDDZtFx22Kj9bpC2Jp6Y8A5N3Nk4UMfmWEpNWEILSBJpSKh0yJD0f0/yPPagsTjrzpjkUqctv7DxCISc78FBg==",
      "dependencies": {
        "@magic/deep": "0.1.6",
        "@magic/error": "0.0.9",
        "@magic/mime-types": "0.0.9",
        "@magic/types": "0.1.15"
      },
      "engines": {
        "node": ">=14.15.4"
      }
    },
    "node_modules/@magic/log": {
      "version": "0.1.9",
      "resolved": "https://registry.npmjs.org/@magic/log/-/log-0.1.9.tgz",
      "integrity": "sha512-o/YV98HE5mn96s0t4K5s9EJYUOCPPpSew0PTo/WMw2XqjFlL57XDGToTciECyOrFRnrib+Asyq88lQWn6PXSyg==",
      "dependencies": {
        "@magic/types": "0.1.15"
      }
    },
    "node_modules/@magic/mime-types": {
      "version": "0.0.9",
      "resolved": "https://registry.npmjs.org/@magic/mime-types/-/mime-types-0.0.9.tgz",
      "integrity": "sha512-0Eg24NfeoYocJB00nTSARD8GrlPKmsQNsWlGP1pMgm0v8e6lHrk+y7fkCWcdUIwPMM2cN0ldDP1O1xO8Xe6veQ==",
      "engines": {
        "node": ">=14.15.4"
      }
    },
    "node_modules/@magic/types": {
      "version": "0.1.15",
      "resolved": "https://registry.npmjs.org/@magic/types/-/types-0.1.15.tgz",
      "integrity": "sha512-wiShewDLD4LssDf8pHpry96QuniUAJdwgWUxBtthYob2oM7JkaAp4L1PG6FtfRDS/oubjl3l/dd/S0+4JSawKQ==",
      "engines": {
        "node": ">=14.15.4"
      }
    }
  },
  "dependencies": {
    "@grundstein/commons": {
      "version": "git+ssh://git@github.com/grundstein/commons.git#4067d7c2e098633b90dcde652d5f252334d96c50",
      "from": "@grundstein/commons@github:grundstein/commons",
      "requires": {
        "@magic/cli": "0.0.32",
        "@magic/error": "0.0.9",
        "@magic/fs": "0.0.13",
        "@magic/log": "0.1.9",
        "@magic/types": "0.1.15"
      }
    },
    "@grundstein/gss": {
      "version": "git+ssh://git@github.com/grundstein/gss.git#1d95761bf312b4b73b39eb34194f9aa9d665ec22",
      "from": "@grundstein/gss@github:grundstein/gss",
      "requires": {
        "@grundstein/commons": "github:grundstein/commons",
        "@magic/cli": "0.0.32",
        "@magic/fs": "0.0.13",
        "@magic/mime-types": "0.0.9"
      }
    },
    "@magic/cases": {
      "version": "0.0.4",
      "resolved": "https://registry.npmjs.org/@magic/cases/-/cases-0.0.4.tgz",
      "integrity": "sha512-2qxGo9DUKGZPBkRDhRVmC4AFm6k39x/3qj0wLE4zeRD0xbmk3H3q9w8ZgtMOU9Q5SNqSGG1e28UHGh8k8dvo4Q=="
    },
    "@magic/cli": {
      "version": "0.0.32",
      "resolved": "https://registry.npmjs.org/@magic/cli/-/cli-0.0.32.tgz",
      "integrity": "sha512-J6D+B4NSP3UGzD+eeCwKncZM0zVxATSU7Sk39w5IaZGYNmlc9HLgMEPVJrbJiKMBfcVGojH8KiYFdwbFSzvbcQ==",
      "requires": {
        "@magic/cases": "0.0.4",
        "@magic/log": "0.1.9",
        "@magic/types": "0.1.15"
      }
    },
    "@magic/deep": {
      "version": "0.1.6",
      "resolved": "https://registry.npmjs.org/@magic/deep/-/deep-0.1.6.tgz",
      "integrity": "sha512-pLsmKvMam82pJ5VKZ9X71i9YJaKs8Z218kOqhCrVSaDLZypyUTHK2os/RJl1zY63RA3C4k9jx8juCJNiPzEOrw==",
      "requires": {
        "@magic/types": "0.1.15"
      }
    },
    "@magic/error": {
      "version": "0.0.9",
      "resolved": "https://registry.npmjs.org/@magic/error/-/error-0.0.9.tgz",
      "integrity": "sha512-DY8QVc7Z0xqLoQ8rlOjQFDHvHWly176LYAKkuXE2rKUB5taM24PtR2P6JFNPOOX2uwzXFk4WDHArEPyqajxcRg==",
      "requires": {
        "@magic/types": "0.1.15"
      }
    },
    "@magic/fs": {
      "version": "0.0.13",
      "resolved": "https://registry.npmjs.org/@magic/fs/-/fs-0.0.13.tgz",
      "integrity": "sha512-PpDDZtFx22Kj9bpC2Jp6Y8A5N3Nk4UMfmWEpNWEILSBJpSKh0yJD0f0/yPPagsTjrzpjkUqctv7DxCISc78FBg==",
      "requires": {
        "@magic/deep": "0.1.6",
        "@magic/error": "0.0.9",
        "@magic/mime-types": "0.0.9",
        "@magic/types": "0.1.15"
      }
    },
    "@magic/log": {
      "version": "0.1.9",
      "resolved": "https://registry.npmjs.org/@magic/log/-/log-0.1.9.tgz",
      "integrity": "sha512-o/YV98HE5mn96s0t4K5s9EJYUOCPPpSew0PTo/WMw2XqjFlL57XDGToTciECyOrFRnrib+Asyq88lQWn6PXSyg==",
      "requires": {
        "@magic/types": "0.1.15"
      }
    },
    "@magic/mime-types": {
      "version": "0.0.9",
      "resolved": "https://registry.npmjs.org/@magic/mime-types/-/mime-types-0.0.9.tgz",
      "integrity": "sha512-0Eg24NfeoYocJB00nTSARD8GrlPKmsQNsWlGP1pMgm0v8e6lHrk+y7fkCWcdUIwPMM2cN0ldDP1O1xO8Xe6veQ=="
    },
    "@magic/types": {
      "version": "0.1.15",
      "resolved": "https://registry.npmjs.org/@magic/types/-/types-0.1.15.tgz",
      "integrity": "sha512-wiShewDLD4LssDf8pHpry96QuniUAJdwgWUxBtthYob2oM7JkaAp4L1PG6FtfRDS/oubjl3l/dd/S0+4JSawKQ=="
    }
  }
}
